// !$*UTF8*$!
{
	archiveVersion = 1;
	classes = {
	};
	objectVersion = 50;
	objects = {

/* Begin PBXBuildFile section */
		0488BDC02331078500E44F71 /* MainView.swift in Sources */ = {isa = PBXBuildFile; fileRef = 0488BDBF2331078500E44F71 /* MainView.swift */; };
		04DA25E12330B711005193E7 /* Ring.swift in Sources */ = {isa = PBXBuildFile; fileRef = 04DA25E02330B711005193E7 /* Ring.swift */; };
		04DA25E52330BF31005193E7 /* MainViewModel.swift in Sources */ = {isa = PBXBuildFile; fileRef = 04DA25E42330BF31005193E7 /* MainViewModel.swift */; };
		478AF9B4239AD42800B9EABA /* SelectionView.swift in Sources */ = {isa = PBXBuildFile; fileRef = 478AF9B3239AD42800B9EABA /* SelectionView.swift */; };
		478AF9B6239AD48A00B9EABA /* RingView.swift in Sources */ = {isa = PBXBuildFile; fileRef = 478AF9B5239AD48A00B9EABA /* RingView.swift */; };
		7565FE03233093D5006A97EA /* AppDelegate.swift in Sources */ = {isa = PBXBuildFile; fileRef = 7565FE02233093D5006A97EA /* AppDelegate.swift */; };
		7565FE05233093D5006A97EA /* SceneDelegate.swift in Sources */ = {isa = PBXBuildFile; fileRef = 7565FE04233093D5006A97EA /* SceneDelegate.swift */; };
		7565FE08233093D5006A97EA /* Swodo.xcdatamodeld in Sources */ = {isa = PBXBuildFile; fileRef = 7565FE06233093D5006A97EA /* Swodo.xcdatamodeld */; };
		7565FE0A233093D5006A97EA /* TabBarView.swift in Sources */ = {isa = PBXBuildFile; fileRef = 7565FE09233093D5006A97EA /* TabBarView.swift */; };
		7565FE0C233093D7006A97EA /* Assets.xcassets in Resources */ = {isa = PBXBuildFile; fileRef = 7565FE0B233093D7006A97EA /* Assets.xcassets */; };
		7565FE0F233093D7006A97EA /* Preview Assets.xcassets in Resources */ = {isa = PBXBuildFile; fileRef = 7565FE0E233093D7006A97EA /* Preview Assets.xcassets */; };
		7565FE12233093D7006A97EA /* LaunchScreen.storyboard in Resources */ = {isa = PBXBuildFile; fileRef = 7565FE10233093D7006A97EA /* LaunchScreen.storyboard */; };
		7565FE1D233093D7006A97EA /* SwodoTests.swift in Sources */ = {isa = PBXBuildFile; fileRef = 7565FE1C233093D7006A97EA /* SwodoTests.swift */; };
		7565FE28233093D7006A97EA /* SwodoUITests.swift in Sources */ = {isa = PBXBuildFile; fileRef = 7565FE27233093D7006A97EA /* SwodoUITests.swift */; };
/* End PBXBuildFile section */

/* Begin PBXContainerItemProxy section */
		7565FE19233093D7006A97EA /* PBXContainerItemProxy */ = {
			isa = PBXContainerItemProxy;
			containerPortal = 7565FDF7233093D5006A97EA /* Project object */;
			proxyType = 1;
			remoteGlobalIDString = 7565FDFE233093D5006A97EA;
			remoteInfo = Swodo;
		};
		7565FE24233093D7006A97EA /* PBXContainerItemProxy */ = {
			isa = PBXContainerItemProxy;
			containerPortal = 7565FDF7233093D5006A97EA /* Project object */;
			proxyType = 1;
			remoteGlobalIDString = 7565FDFE233093D5006A97EA;
			remoteInfo = Swodo;
		};
/* End PBXContainerItemProxy section */

/* Begin PBXFileReference section */
		0488BDBF2331078500E44F71 /* MainView.swift */ = {isa = PBXFileReference; lastKnownFileType = sourcecode.swift; path = MainView.swift; sourceTree = "<group>"; };
		04DA25E02330B711005193E7 /* Ring.swift */ = {isa = PBXFileReference; lastKnownFileType = sourcecode.swift; path = Ring.swift; sourceTree = "<group>"; };
		04DA25E42330BF31005193E7 /* MainViewModel.swift */ = {isa = PBXFileReference; lastKnownFileType = sourcecode.swift; path = MainViewModel.swift; sourceTree = "<group>"; };
		478AF9B3239AD42800B9EABA /* SelectionView.swift */ = {isa = PBXFileReference; lastKnownFileType = sourcecode.swift; path = SelectionView.swift; sourceTree = "<group>"; };
		478AF9B5239AD48A00B9EABA /* RingView.swift */ = {isa = PBXFileReference; lastKnownFileType = sourcecode.swift; path = RingView.swift; sourceTree = "<group>"; };
		7565FDFF233093D5006A97EA /* Swodo.app */ = {isa = PBXFileReference; explicitFileType = wrapper.application; includeInIndex = 0; path = Swodo.app; sourceTree = BUILT_PRODUCTS_DIR; };
		7565FE02233093D5006A97EA /* AppDelegate.swift */ = {isa = PBXFileReference; lastKnownFileType = sourcecode.swift; path = AppDelegate.swift; sourceTree = "<group>"; };
		7565FE04233093D5006A97EA /* SceneDelegate.swift */ = {isa = PBXFileReference; lastKnownFileType = sourcecode.swift; path = SceneDelegate.swift; sourceTree = "<group>"; };
		7565FE07233093D5006A97EA /* Swodo.xcdatamodel */ = {isa = PBXFileReference; lastKnownFileType = wrapper.xcdatamodel; path = Swodo.xcdatamodel; sourceTree = "<group>"; };
		7565FE09233093D5006A97EA /* TabBarView.swift */ = {isa = PBXFileReference; lastKnownFileType = sourcecode.swift; path = TabBarView.swift; sourceTree = "<group>"; };
		7565FE0B233093D7006A97EA /* Assets.xcassets */ = {isa = PBXFileReference; lastKnownFileType = folder.assetcatalog; path = Assets.xcassets; sourceTree = "<group>"; };
		7565FE0E233093D7006A97EA /* Preview Assets.xcassets */ = {isa = PBXFileReference; lastKnownFileType = folder.assetcatalog; path = "Preview Assets.xcassets"; sourceTree = "<group>"; };
		7565FE11233093D7006A97EA /* Base */ = {isa = PBXFileReference; lastKnownFileType = file.storyboard; name = Base; path = Base.lproj/LaunchScreen.storyboard; sourceTree = "<group>"; };
		7565FE13233093D7006A97EA /* Info.plist */ = {isa = PBXFileReference; lastKnownFileType = text.plist.xml; path = Info.plist; sourceTree = "<group>"; };
		7565FE18233093D7006A97EA /* SwodoTests.xctest */ = {isa = PBXFileReference; explicitFileType = wrapper.cfbundle; includeInIndex = 0; path = SwodoTests.xctest; sourceTree = BUILT_PRODUCTS_DIR; };
		7565FE1C233093D7006A97EA /* SwodoTests.swift */ = {isa = PBXFileReference; lastKnownFileType = sourcecode.swift; path = SwodoTests.swift; sourceTree = "<group>"; };
		7565FE1E233093D7006A97EA /* Info.plist */ = {isa = PBXFileReference; lastKnownFileType = text.plist.xml; path = Info.plist; sourceTree = "<group>"; };
		7565FE23233093D7006A97EA /* SwodoUITests.xctest */ = {isa = PBXFileReference; explicitFileType = wrapper.cfbundle; includeInIndex = 0; path = SwodoUITests.xctest; sourceTree = BUILT_PRODUCTS_DIR; };
		7565FE27233093D7006A97EA /* SwodoUITests.swift */ = {isa = PBXFileReference; lastKnownFileType = sourcecode.swift; path = SwodoUITests.swift; sourceTree = "<group>"; };
		7565FE29233093D7006A97EA /* Info.plist */ = {isa = PBXFileReference; lastKnownFileType = text.plist.xml; path = Info.plist; sourceTree = "<group>"; };
/* End PBXFileReference section */

/* Begin PBXFrameworksBuildPhase section */
		7565FDFC233093D5006A97EA /* Frameworks */ = {
			isa = PBXFrameworksBuildPhase;
			buildActionMask = 2147483647;
			files = (
			);
			runOnlyForDeploymentPostprocessing = 0;
		};
		7565FE15233093D7006A97EA /* Frameworks */ = {
			isa = PBXFrameworksBuildPhase;
			buildActionMask = 2147483647;
			files = (
			);
			runOnlyForDeploymentPostprocessing = 0;
		};
		7565FE20233093D7006A97EA /* Frameworks */ = {
			isa = PBXFrameworksBuildPhase;
			buildActionMask = 2147483647;
			files = (
			);
			runOnlyForDeploymentPostprocessing = 0;
		};
/* End PBXFrameworksBuildPhase section */

/* Begin PBXGroup section */
		048CC15A233801AF00988A0D /* Extensions */ = {
			isa = PBXGroup;
			children = (
			);
			path = Extensions;
			sourceTree = "<group>";
		};
		04DA25DD2330B6D2005193E7 /* View Model */ = {
			isa = PBXGroup;
			children = (
				04DA25E42330BF31005193E7 /* MainViewModel.swift */,
			);
			path = "View Model";
			sourceTree = "<group>";
		};
		04DA25DE2330B6F5005193E7 /* View */ = {
			isa = PBXGroup;
			children = (
				7565FE09233093D5006A97EA /* TabBarView.swift */,
				0488BDBF2331078500E44F71 /* MainView.swift */,
				478AF9B3239AD42800B9EABA /* SelectionView.swift */,
				478AF9B5239AD48A00B9EABA /* RingView.swift */,
			);
			path = View;
			sourceTree = "<group>";
		};
		04DA25DF2330B6FE005193E7 /* Model */ = {
			isa = PBXGroup;
			children = (
				04DA25E02330B711005193E7 /* Ring.swift */,
			);
			path = Model;
			sourceTree = "<group>";
		};
		04DA25E22330BB95005193E7 /* Delegates */ = {
			isa = PBXGroup;
			children = (
				7565FE02233093D5006A97EA /* AppDelegate.swift */,
				7565FE04233093D5006A97EA /* SceneDelegate.swift */,
			);
			path = Delegates;
			sourceTree = "<group>";
		};
		04DA25E32330BCE3005193E7 /* Helpers */ = {
			isa = PBXGroup;
			children = (
				7565FE0B233093D7006A97EA /* Assets.xcassets */,
				7565FE06233093D5006A97EA /* Swodo.xcdatamodeld */,
				7565FE13233093D7006A97EA /* Info.plist */,
				7565FE10233093D7006A97EA /* LaunchScreen.storyboard */,
			);
			path = Helpers;
			sourceTree = "<group>";
		};
		7565FDF6233093D5006A97EA = {
			isa = PBXGroup;
			children = (
				7565FE01233093D5006A97EA /* Swodo */,
				7565FE1B233093D7006A97EA /* SwodoTests */,
				7565FE26233093D7006A97EA /* SwodoUITests */,
				7565FE00233093D5006A97EA /* Products */,
			);
			sourceTree = "<group>";
		};
		7565FE00233093D5006A97EA /* Products */ = {
			isa = PBXGroup;
			children = (
				7565FDFF233093D5006A97EA /* Swodo.app */,
				7565FE18233093D7006A97EA /* SwodoTests.xctest */,
				7565FE23233093D7006A97EA /* SwodoUITests.xctest */,
			);
			name = Products;
			sourceTree = "<group>";
		};
		7565FE01233093D5006A97EA /* Swodo */ = {
			isa = PBXGroup;
			children = (
				048CC15A233801AF00988A0D /* Extensions */,
				04DA25DF2330B6FE005193E7 /* Model */,
				04DA25DE2330B6F5005193E7 /* View */,
				04DA25DD2330B6D2005193E7 /* View Model */,
				04DA25E32330BCE3005193E7 /* Helpers */,
				04DA25E22330BB95005193E7 /* Delegates */,
				7565FE0D233093D7006A97EA /* Preview Content */,
			);
			path = Swodo;
			sourceTree = "<group>";
		};
		7565FE0D233093D7006A97EA /* Preview Content */ = {
			isa = PBXGroup;
			children = (
				7565FE0E233093D7006A97EA /* Preview Assets.xcassets */,
			);
			path = "Preview Content";
			sourceTree = "<group>";
		};
		7565FE1B233093D7006A97EA /* SwodoTests */ = {
			isa = PBXGroup;
			children = (
				7565FE1C233093D7006A97EA /* SwodoTests.swift */,
				7565FE1E233093D7006A97EA /* Info.plist */,
			);
			path = SwodoTests;
			sourceTree = "<group>";
		};
		7565FE26233093D7006A97EA /* SwodoUITests */ = {
			isa = PBXGroup;
			children = (
				7565FE27233093D7006A97EA /* SwodoUITests.swift */,
				7565FE29233093D7006A97EA /* Info.plist */,
			);
			path = SwodoUITests;
			sourceTree = "<group>";
		};
/* End PBXGroup section */

/* Begin PBXNativeTarget section */
		7565FDFE233093D5006A97EA /* Swodo */ = {
			isa = PBXNativeTarget;
			buildConfigurationList = 7565FE2C233093D7006A97EA /* Build configuration list for PBXNativeTarget "Swodo" */;
			buildPhases = (
				7565FDFB233093D5006A97EA /* Sources */,
				7565FDFC233093D5006A97EA /* Frameworks */,
				7565FDFD233093D5006A97EA /* Resources */,
			);
			buildRules = (
			);
			dependencies = (
			);
			name = Swodo;
			productName = Swodo;
			productReference = 7565FDFF233093D5006A97EA /* Swodo.app */;
			productType = "com.apple.product-type.application";
		};
		7565FE17233093D7006A97EA /* SwodoTests */ = {
			isa = PBXNativeTarget;
			buildConfigurationList = 7565FE2F233093D7006A97EA /* Build configuration list for PBXNativeTarget "SwodoTests" */;
			buildPhases = (
				7565FE14233093D7006A97EA /* Sources */,
				7565FE15233093D7006A97EA /* Frameworks */,
				7565FE16233093D7006A97EA /* Resources */,
			);
			buildRules = (
			);
			dependencies = (
				7565FE1A233093D7006A97EA /* PBXTargetDependency */,
			);
			name = SwodoTests;
			productName = SwodoTests;
			productReference = 7565FE18233093D7006A97EA /* SwodoTests.xctest */;
			productType = "com.apple.product-type.bundle.unit-test";
		};
		7565FE22233093D7006A97EA /* SwodoUITests */ = {
			isa = PBXNativeTarget;
			buildConfigurationList = 7565FE32233093D7006A97EA /* Build configuration list for PBXNativeTarget "SwodoUITests" */;
			buildPhases = (
				7565FE1F233093D7006A97EA /* Sources */,
				7565FE20233093D7006A97EA /* Frameworks */,
				7565FE21233093D7006A97EA /* Resources */,
			);
			buildRules = (
			);
			dependencies = (
				7565FE25233093D7006A97EA /* PBXTargetDependency */,
			);
			name = SwodoUITests;
			productName = SwodoUITests;
			productReference = 7565FE23233093D7006A97EA /* SwodoUITests.xctest */;
			productType = "com.apple.product-type.bundle.ui-testing";
		};
/* End PBXNativeTarget section */

/* Begin PBXProject section */
		7565FDF7233093D5006A97EA /* Project object */ = {
			isa = PBXProject;
			attributes = {
				LastSwiftUpdateCheck = 1100;
				LastUpgradeCheck = 1100;
				ORGANIZATIONNAME = "Oschły";
				TargetAttributes = {
					7565FDFE233093D5006A97EA = {
						CreatedOnToolsVersion = 11.0;
					};
					7565FE17233093D7006A97EA = {
						CreatedOnToolsVersion = 11.0;
						TestTargetID = 7565FDFE233093D5006A97EA;
					};
					7565FE22233093D7006A97EA = {
						CreatedOnToolsVersion = 11.0;
						TestTargetID = 7565FDFE233093D5006A97EA;
					};
				};
			};
			buildConfigurationList = 7565FDFA233093D5006A97EA /* Build configuration list for PBXProject "Swodo" */;
			compatibilityVersion = "Xcode 9.3";
			developmentRegion = en;
			hasScannedForEncodings = 0;
			knownRegions = (
				en,
				Base,
			);
			mainGroup = 7565FDF6233093D5006A97EA;
			productRefGroup = 7565FE00233093D5006A97EA /* Products */;
			projectDirPath = "";
			projectRoot = "";
			targets = (
				7565FDFE233093D5006A97EA /* Swodo */,
				7565FE17233093D7006A97EA /* SwodoTests */,
				7565FE22233093D7006A97EA /* SwodoUITests */,
			);
		};
/* End PBXProject section */

/* Begin PBXResourcesBuildPhase section */
		7565FDFD233093D5006A97EA /* Resources */ = {
			isa = PBXResourcesBuildPhase;
			buildActionMask = 2147483647;
			files = (
				7565FE12233093D7006A97EA /* LaunchScreen.storyboard in Resources */,
				7565FE0F233093D7006A97EA /* Preview Assets.xcassets in Resources */,
				7565FE0C233093D7006A97EA /* Assets.xcassets in Resources */,
			);
			runOnlyForDeploymentPostprocessing = 0;
		};
		7565FE16233093D7006A97EA /* Resources */ = {
			isa = PBXResourcesBuildPhase;
			buildActionMask = 2147483647;
			files = (
			);
			runOnlyForDeploymentPostprocessing = 0;
		};
		7565FE21233093D7006A97EA /* Resources */ = {
			isa = PBXResourcesBuildPhase;
			buildActionMask = 2147483647;
			files = (
			);
			runOnlyForDeploymentPostprocessing = 0;
		};
/* End PBXResourcesBuildPhase section */

/* Begin PBXSourcesBuildPhase section */
		7565FDFB233093D5006A97EA /* Sources */ = {
			isa = PBXSourcesBuildPhase;
			buildActionMask = 2147483647;
			files = (
				7565FE03233093D5006A97EA /* AppDelegate.swift in Sources */,
				7565FE05233093D5006A97EA /* SceneDelegate.swift in Sources */,
				0488BDC02331078500E44F71 /* MainView.swift in Sources */,
				478AF9B6239AD48A00B9EABA /* RingView.swift in Sources */,
				04DA25E12330B711005193E7 /* Ring.swift in Sources */,
				7565FE0A233093D5006A97EA /* TabBarView.swift in Sources */,
				7565FE08233093D5006A97EA /* Swodo.xcdatamodeld in Sources */,
				04DA25E52330BF31005193E7 /* MainViewModel.swift in Sources */,
				478AF9B4239AD42800B9EABA /* SelectionView.swift in Sources */,
			);
			runOnlyForDeploymentPostprocessing = 0;
		};
		7565FE14233093D7006A97EA /* Sources */ = {
			isa = PBXSourcesBuildPhase;
			buildActionMask = 2147483647;
			files = (
				7565FE1D233093D7006A97EA /* SwodoTests.swift in Sources */,
			);
			runOnlyForDeploymentPostprocessing = 0;
		};
		7565FE1F233093D7006A97EA /* Sources */ = {
			isa = PBXSourcesBuildPhase;
			buildActionMask = 2147483647;
			files = (
				7565FE28233093D7006A97EA /* SwodoUITests.swift in Sources */,
			);
			runOnlyForDeploymentPostprocessing = 0;
		};
/* End PBXSourcesBuildPhase section */

/* Begin PBXTargetDependency section */
		7565FE1A233093D7006A97EA /* PBXTargetDependency */ = {
			isa = PBXTargetDependency;
			target = 7565FDFE233093D5006A97EA /* Swodo */;
			targetProxy = 7565FE19233093D7006A97EA /* PBXContainerItemProxy */;
		};
		7565FE25233093D7006A97EA /* PBXTargetDependency */ = {
			isa = PBXTargetDependency;
			target = 7565FDFE233093D5006A97EA /* Swodo */;
			targetProxy = 7565FE24233093D7006A97EA /* PBXContainerItemProxy */;
		};
/* End PBXTargetDependency section */

/* Begin PBXVariantGroup section */
		7565FE10233093D7006A97EA /* LaunchScreen.storyboard */ = {
			isa = PBXVariantGroup;
			children = (
				7565FE11233093D7006A97EA /* Base */,
			);
			name = LaunchScreen.storyboard;
			sourceTree = "<group>";
		};
/* End PBXVariantGroup section */

/* Begin XCBuildConfiguration section */
		7565FE2A233093D7006A97EA /* Debug */ = {
			isa = XCBuildConfiguration;
			buildSettings = {
				ALWAYS_SEARCH_USER_PATHS = NO;
				CLANG_ANALYZER_NONNULL = YES;
				CLANG_ANALYZER_NUMBER_OBJECT_CONVERSION = YES_AGGRESSIVE;
				CLANG_CXX_LANGUAGE_STANDARD = "gnu++14";
				CLANG_CXX_LIBRARY = "libc++";
				CLANG_ENABLE_MODULES = YES;
				CLANG_ENABLE_OBJC_ARC = YES;
				CLANG_ENABLE_OBJC_WEAK = YES;
				CLANG_WARN_BLOCK_CAPTURE_AUTORELEASING = YES;
				CLANG_WARN_BOOL_CONVERSION = YES;
				CLANG_WARN_COMMA = YES;
				CLANG_WARN_CONSTANT_CONVERSION = YES;
				CLANG_WARN_DEPRECATED_OBJC_IMPLEMENTATIONS = YES;
				CLANG_WARN_DIRECT_OBJC_ISA_USAGE = YES_ERROR;
				CLANG_WARN_DOCUMENTATION_COMMENTS = YES;
				CLANG_WARN_EMPTY_BODY = YES;
				CLANG_WARN_ENUM_CONVERSION = YES;
				CLANG_WARN_INFINITE_RECURSION = YES;
				CLANG_WARN_INT_CONVERSION = YES;
				CLANG_WARN_NON_LITERAL_NULL_CONVERSION = YES;
				CLANG_WARN_OBJC_IMPLICIT_RETAIN_SELF = YES;
				CLANG_WARN_OBJC_LITERAL_CONVERSION = YES;
				CLANG_WARN_OBJC_ROOT_CLASS = YES_ERROR;
				CLANG_WARN_RANGE_LOOP_ANALYSIS = YES;
				CLANG_WARN_STRICT_PROTOTYPES = YES;
				CLANG_WARN_SUSPICIOUS_MOVE = YES;
				CLANG_WARN_UNGUARDED_AVAILABILITY = YES_AGGRESSIVE;
				CLANG_WARN_UNREACHABLE_CODE = YES;
				CLANG_WARN__DUPLICATE_METHOD_MATCH = YES;
				COPY_PHASE_STRIP = NO;
				DEBUG_INFORMATION_FORMAT = dwarf;
				ENABLE_STRICT_OBJC_MSGSEND = YES;
				ENABLE_TESTABILITY = YES;
				GCC_C_LANGUAGE_STANDARD = gnu11;
				GCC_DYNAMIC_NO_PIC = NO;
				GCC_NO_COMMON_BLOCKS = YES;
				GCC_OPTIMIZATION_LEVEL = 0;
				GCC_PREPROCESSOR_DEFINITIONS = (
					"DEBUG=1",
					"$(inherited)",
				);
				GCC_WARN_64_TO_32_BIT_CONVERSION = YES;
				GCC_WARN_ABOUT_RETURN_TYPE = YES_ERROR;
				GCC_WARN_UNDECLARED_SELECTOR = YES;
				GCC_WARN_UNINITIALIZED_AUTOS = YES_AGGRESSIVE;
				GCC_WARN_UNUSED_FUNCTION = YES;
				GCC_WARN_UNUSED_VARIABLE = YES;
				IPHONEOS_DEPLOYMENT_TARGET = 13.0;
				MTL_ENABLE_DEBUG_INFO = INCLUDE_SOURCE;
				MTL_FAST_MATH = YES;
				ONLY_ACTIVE_ARCH = YES;
				SDKROOT = iphoneos;
				SWIFT_ACTIVE_COMPILATION_CONDITIONS = DEBUG;
				SWIFT_OPTIMIZATION_LEVEL = "-Onone";
			};
			name = Debug;
		};
		7565FE2B233093D7006A97EA /* Release */ = {
			isa = XCBuildConfiguration;
			buildSettings = {
				ALWAYS_SEARCH_USER_PATHS = NO;
				CLANG_ANALYZER_NONNULL = YES;
				CLANG_ANALYZER_NUMBER_OBJECT_CONVERSION = YES_AGGRESSIVE;
				CLANG_CXX_LANGUAGE_STANDARD = "gnu++14";
				CLANG_CXX_LIBRARY = "libc++";
				CLANG_ENABLE_MODULES = YES;
				CLANG_ENABLE_OBJC_ARC = YES;
				CLANG_ENABLE_OBJC_WEAK = YES;
				CLANG_WARN_BLOCK_CAPTURE_AUTORELEASING = YES;
				CLANG_WARN_BOOL_CONVERSION = YES;
				CLANG_WARN_COMMA = YES;
				CLANG_WARN_CONSTANT_CONVERSION = YES;
				CLANG_WARN_DEPRECATED_OBJC_IMPLEMENTATIONS = YES;
				CLANG_WARN_DIRECT_OBJC_ISA_USAGE = YES_ERROR;
				CLANG_WARN_DOCUMENTATION_COMMENTS = YES;
				CLANG_WARN_EMPTY_BODY = YES;
				CLANG_WARN_ENUM_CONVERSION = YES;
				CLANG_WARN_INFINITE_RECURSION = YES;
				CLANG_WARN_INT_CONVERSION = YES;
				CLANG_WARN_NON_LITERAL_NULL_CONVERSION = YES;
				CLANG_WARN_OBJC_IMPLICIT_RETAIN_SELF = YES;
				CLANG_WARN_OBJC_LITERAL_CONVERSION = YES;
				CLANG_WARN_OBJC_ROOT_CLASS = YES_ERROR;
				CLANG_WARN_RANGE_LOOP_ANALYSIS = YES;
				CLANG_WARN_STRICT_PROTOTYPES = YES;
				CLANG_WARN_SUSPICIOUS_MOVE = YES;
				CLANG_WARN_UNGUARDED_AVAILABILITY = YES_AGGRESSIVE;
				CLANG_WARN_UNREACHABLE_CODE = YES;
				CLANG_WARN__DUPLICATE_METHOD_MATCH = YES;
				COPY_PHASE_STRIP = NO;
				DEBUG_INFORMATION_FORMAT = "dwarf-with-dsym";
				ENABLE_NS_ASSERTIONS = NO;
				ENABLE_STRICT_OBJC_MSGSEND = YES;
				GCC_C_LANGUAGE_STANDARD = gnu11;
				GCC_NO_COMMON_BLOCKS = YES;
				GCC_WARN_64_TO_32_BIT_CONVERSION = YES;
				GCC_WARN_ABOUT_RETURN_TYPE = YES_ERROR;
				GCC_WARN_UNDECLARED_SELECTOR = YES;
				GCC_WARN_UNINITIALIZED_AUTOS = YES_AGGRESSIVE;
				GCC_WARN_UNUSED_FUNCTION = YES;
				GCC_WARN_UNUSED_VARIABLE = YES;
				IPHONEOS_DEPLOYMENT_TARGET = 13.0;
				MTL_ENABLE_DEBUG_INFO = NO;
				MTL_FAST_MATH = YES;
				SDKROOT = iphoneos;
				SWIFT_COMPILATION_MODE = wholemodule;
				SWIFT_OPTIMIZATION_LEVEL = "-O";
				VALIDATE_PRODUCT = YES;
			};
			name = Release;
		};
		7565FE2D233093D7006A97EA /* Debug */ = {
			isa = XCBuildConfiguration;
			buildSettings = {
				ASSETCATALOG_COMPILER_APPICON_NAME = AppIcon;
				CODE_SIGN_IDENTITY = "Apple Development";
				CODE_SIGN_STYLE = Automatic;
				DEVELOPMENT_ASSET_PATHS = "\"Swodo/Preview Content\"";
				DEVELOPMENT_TEAM = XGVVDG6D64;
				ENABLE_PREVIEWS = YES;
				INFOPLIST_FILE = Swodo/Helpers/Info.plist;
				LD_RUNPATH_SEARCH_PATHS = (
					"$(inherited)",
					"@executable_path/Frameworks",
				);
				PRODUCT_BUNDLE_IDENTIFIER = com.oschly.Swodo;
				PRODUCT_NAME = "$(TARGET_NAME)";
				PROVISIONING_PROFILE_SPECIFIER = "";
				SWIFT_VERSION = 5.0;
				TARGETED_DEVICE_FAMILY = "1,2";
			};
			name = Debug;
		};
		7565FE2E233093D7006A97EA /* Release */ = {
			isa = XCBuildConfiguration;
			buildSettings = {
				ASSETCATALOG_COMPILER_APPICON_NAME = AppIcon;
				CODE_SIGN_IDENTITY = "Apple Development";
				CODE_SIGN_STYLE = Automatic;
				DEVELOPMENT_ASSET_PATHS = "\"Swodo/Preview Content\"";
				DEVELOPMENT_TEAM = XGVVDG6D64;
				ENABLE_PREVIEWS = YES;
				INFOPLIST_FILE = Swodo/Helpers/Info.plist;
				LD_RUNPATH_SEARCH_PATHS = (
					"$(inherited)",
					"@executable_path/Frameworks",
				);
				PRODUCT_BUNDLE_IDENTIFIER = com.oschly.Swodo;
				PRODUCT_NAME = "$(TARGET_NAME)";
				PROVISIONING_PROFILE_SPECIFIER = "";
				SWIFT_VERSION = 5.0;
				TARGETED_DEVICE_FAMILY = "1,2";
			};
			name = Release;
		};
		7565FE30233093D7006A97EA /* Debug */ = {
			isa = XCBuildConfiguration;
			buildSettings = {
				ALWAYS_EMBED_SWIFT_STANDARD_LIBRARIES = YES;
				BUNDLE_LOADER = "$(TEST_HOST)";
				CODE_SIGN_STYLE = Automatic;
				INFOPLIST_FILE = SwodoTests/Info.plist;
				IPHONEOS_DEPLOYMENT_TARGET = 13.0;
				LD_RUNPATH_SEARCH_PATHS = (
					"$(inherited)",
					"@executable_path/Frameworks",
					"@loader_path/Frameworks",
				);
				PRODUCT_BUNDLE_IDENTIFIER = com.oschly.SwodoTests;
				PRODUCT_NAME = "$(TARGET_NAME)";
				SWIFT_VERSION = 5.0;
				TARGETED_DEVICE_FAMILY = "1,2";
				TEST_HOST = "$(BUILT_PRODUCTS_DIR)/Swodo.app/Swodo";
			};
			name = Debug;
		};
		7565FE31233093D7006A97EA /* Release */ = {
			isa = XCBuildConfiguration;
			buildSettings = {
				ALWAYS_EMBED_SWIFT_STANDARD_LIBRARIES = YES;
				BUNDLE_LOADER = "$(TEST_HOST)";
				CODE_SIGN_STYLE = Automatic;
				INFOPLIST_FILE = SwodoTests/Info.plist;
				IPHONEOS_DEPLOYMENT_TARGET = 13.0;
				LD_RUNPATH_SEARCH_PATHS = (
					"$(inherited)",
					"@executable_path/Frameworks",
					"@loader_path/Frameworks",
				);
				PRODUCT_BUNDLE_IDENTIFIER = com.oschly.SwodoTests;
				PRODUCT_NAME = "$(TARGET_NAME)";
				SWIFT_VERSION = 5.0;
				TARGETED_DEVICE_FAMILY = "1,2";
				TEST_HOST = "$(BUILT_PRODUCTS_DIR)/Swodo.app/Swodo";
			};
			name = Release;
		};
		7565FE33233093D7006A97EA /* Debug */ = {
			isa = XCBuildConfiguration;
			buildSettings = {
				ALWAYS_EMBED_SWIFT_STANDARD_LIBRARIES = YES;
				CODE_SIGN_STYLE = Automatic;
				INFOPLIST_FILE = SwodoUITests/Info.plist;
				LD_RUNPATH_SEARCH_PATHS = (
					"$(inherited)",
					"@executable_path/Frameworks",
					"@loader_path/Frameworks",
				);
				PRODUCT_BUNDLE_IDENTIFIER = com.oschly.SwodoUITests;
				PRODUCT_NAME = "$(TARGET_NAME)";
				SWIFT_VERSION = 5.0;
				TARGETED_DEVICE_FAMILY = "1,2";
				TEST_TARGET_NAME = Swodo;
			};
			name = Debug;
		};
		7565FE34233093D7006A97EA /* Release */ = {
			isa = XCBuildConfiguration;
			buildSettings = {
				ALWAYS_EMBED_SWIFT_STANDARD_LIBRARIES = YES;
				CODE_SIGN_STYLE = Automatic;
				INFOPLIST_FILE = SwodoUITests/Info.plist;
				LD_RUNPATH_SEARCH_PATHS = (
					"$(inherited)",
					"@executable_path/Frameworks",
					"@loader_path/Frameworks",
				);
				PRODUCT_BUNDLE_IDENTIFIER = com.oschly.SwodoUITests;
				PRODUCT_NAME = "$(TARGET_NAME)";
				SWIFT_VERSION = 5.0;
				TARGETED_DEVICE_FAMILY = "1,2";
				TEST_TARGET_NAME = Swodo;
			};
			name = Release;
		};
/* End XCBuildConfiguration section */

/* Begin XCConfigurationList section */
		7565FDFA233093D5006A97EA /* Build configuration list for PBXProject "Swodo" */ = {
			isa = XCConfigurationList;
			buildConfigurations = (
				7565FE2A233093D7006A97EA /* Debug */,
				7565FE2B233093D7006A97EA /* Release */,
			);
			defaultConfigurationIsVisible = 0;
			defaultConfigurationName = Release;
		};
		7565FE2C233093D7006A97EA /* Build configuration list for PBXNativeTarget "Swodo" */ = {
			isa = XCConfigurationList;
			buildConfigurations = (
				7565FE2D233093D7006A97EA /* Debug */,
				7565FE2E233093D7006A97EA /* Release */,
			);
			defaultConfigurationIsVisible = 0;
			defaultConfigurationName = Release;
		};
		7565FE2F233093D7006A97EA /* Build configuration list for PBXNativeTarget "SwodoTests" */ = {
			isa = XCConfigurationList;
			buildConfigurations = (
				7565FE30233093D7006A97EA /* Debug */,
				7565FE31233093D7006A97EA /* Release */,
			);
			defaultConfigurationIsVisible = 0;
			defaultConfigurationName = Release;
		};
		7565FE32233093D7006A97EA /* Build configuration list for PBXNativeTarget "SwodoUITests" */ = {
			isa = XCConfigurationList;
			buildConfigurations = (
				7565FE33233093D7006A97EA /* Debug */,
				7565FE34233093D7006A97EA /* Release */,
			);
			defaultConfigurationIsVisible = 0;
			defaultConfigurationName = Release;
		};
/* End XCConfigurationList section */

/* Begin XCVersionGroup section */
		7565FE06233093D5006A97EA /* Swodo.xcdatamodeld */ = {
			isa = XCVersionGroup;
			children = (
				7565FE07233093D5006A97EA /* Swodo.xcdatamodel */,
			);
			currentVersion = 7565FE07233093D5006A97EA /* Swodo.xcdatamodel */;
			path = Swodo.xcdatamodeld;
			sourceTree = "<group>";
			versionGroupType = wrapper.xcdatamodel;
		};
/* End XCVersionGroup section */
	};
	rootObject = 7565FDF7233093D5006A97EA /* Project object */;
}
