// !$*UTF8*$!
{
	archiveVersion = 1;
	classes = {
	};
	objectVersion = 50;
	objects = {

/* Begin PBXBuildFile section */
		04DA25E52330BF31005193E7 /* MainViewModel.swift in Sources */ = {isa = PBXBuildFile; fileRef = 04DA25E42330BF31005193E7 /* MainViewModel.swift */; };
		4703A62D23BDEC5800976C26 /* HistoryView.swift in Sources */ = {isa = PBXBuildFile; fileRef = 4703A62C23BDEC5800976C26 /* HistoryView.swift */; };
		4708FB7823FE8FB7001306F5 /* DetailView.swift in Sources */ = {isa = PBXBuildFile; fileRef = 4708FB7723FE8FB7001306F5 /* DetailView.swift */; };
		470E2CBA23EEE39100591E4C /* Numbers+.swift in Sources */ = {isa = PBXBuildFile; fileRef = 470E2CB923EEE39100591E4C /* Numbers+.swift */; };
		470E2CBC23EEEF5400591E4C /* DateComponentsFormatter.swift in Sources */ = {isa = PBXBuildFile; fileRef = 470E2CBB23EEEF5400591E4C /* DateComponentsFormatter.swift */; };
		4715A98023F06B4F00B8E124 /* MathOperationType.swift in Sources */ = {isa = PBXBuildFile; fileRef = 4715A97F23F06B4F00B8E124 /* MathOperationType.swift */; };
		4729089523F924B900AEC0EF /* CellView.swift in Sources */ = {isa = PBXBuildFile; fileRef = 4729089423F924B900AEC0EF /* CellView.swift */; };
		4729089723F9257700AEC0EF /* SelectionViewTests.swift in Sources */ = {isa = PBXBuildFile; fileRef = 4729089623F9257700AEC0EF /* SelectionViewTests.swift */; };
		472AA9042426A2CF006578B3 /* ActionButton.swift in Sources */ = {isa = PBXBuildFile; fileRef = 472AA9032426A2CF006578B3 /* ActionButton.swift */; };
		472AE8BC23DCD2A100FA95A8 /* StorageManagerTests.swift in Sources */ = {isa = PBXBuildFile; fileRef = 472AE8BB23DCD2A100FA95A8 /* StorageManagerTests.swift */; };
		472CCC8823F454500071D008 /* ErrorType.swift in Sources */ = {isa = PBXBuildFile; fileRef = 472CCC8723F454500071D008 /* ErrorType.swift */; };
		472CCC8A23F4549D0071D008 /* ProgressDataDelegate.swift in Sources */ = {isa = PBXBuildFile; fileRef = 472CCC8923F4549D0071D008 /* ProgressDataDelegate.swift */; };
		47380601243F3BCA00DEB6D8 /* RingView.swift in Sources */ = {isa = PBXBuildFile; fileRef = 47380600243F3BCA00DEB6D8 /* RingView.swift */; };
		47592911239B7F7700000746 /* String+UserDefaultsKeys.swift in Sources */ = {isa = PBXBuildFile; fileRef = 47592910239B7F7700000746 /* String+UserDefaultsKeys.swift */; };
		47592913239B7FA400000746 /* TimerState.swift in Sources */ = {isa = PBXBuildFile; fileRef = 47592912239B7FA400000746 /* TimerState.swift */; };
		4768B65C23F5B924009287A3 /* StorageManagerDelegateMock.swift in Sources */ = {isa = PBXBuildFile; fileRef = 4768B65B23F5B924009287A3 /* StorageManagerDelegateMock.swift */; };
		4768B66123F5E10F009287A3 /* NotificationCenterNames.swift in Sources */ = {isa = PBXBuildFile; fileRef = 4768B66023F5E10F009287A3 /* NotificationCenterNames.swift */; };
		476DD971242925C900CED4FF /* KeyboardResponder.swift in Sources */ = {isa = PBXBuildFile; fileRef = 476DD970242925C900CED4FF /* KeyboardResponder.swift */; };
		476DD97424292B9300CED4FF /* AdaptsToKeyboard.swift in Sources */ = {isa = PBXBuildFile; fileRef = 476DD97324292B9300CED4FF /* AdaptsToKeyboard.swift */; };
		478AF9B4239AD42800B9EABA /* SelectionView.swift in Sources */ = {isa = PBXBuildFile; fileRef = 478AF9B3239AD42800B9EABA /* SelectionView.swift */; };
		478AF9B6239AD48A00B9EABA /* FocusView.swift in Sources */ = {isa = PBXBuildFile; fileRef = 478AF9B5239AD48A00B9EABA /* FocusView.swift */; };
		47DA134423BA1AC400E2F274 /* Session+CoreDataClass.swift in Sources */ = {isa = PBXBuildFile; fileRef = 47DA134223BA1AC400E2F274 /* Session+CoreDataClass.swift */; };
		47DA134523BA1AC400E2F274 /* Session+CoreDataClass.swift in Sources */ = {isa = PBXBuildFile; fileRef = 47DA134223BA1AC400E2F274 /* Session+CoreDataClass.swift */; };
		47DA134623BA1AC400E2F274 /* Session+CoreDataProperties.swift in Sources */ = {isa = PBXBuildFile; fileRef = 47DA134323BA1AC400E2F274 /* Session+CoreDataProperties.swift */; };
		47DA134723BA1AC400E2F274 /* Session+CoreDataProperties.swift in Sources */ = {isa = PBXBuildFile; fileRef = 47DA134323BA1AC400E2F274 /* Session+CoreDataProperties.swift */; };
		47F314D723D39CB200503014 /* StorageManager.swift in Sources */ = {isa = PBXBuildFile; fileRef = 47F314D623D39CB200503014 /* StorageManager.swift */; };
		4C2D1F9B24196BEF00E51C0A /* SimpleCell.swift in Sources */ = {isa = PBXBuildFile; fileRef = 4C2D1F9A24196BEF00E51C0A /* SimpleCell.swift */; };
		7565FE03233093D5006A97EA /* AppDelegate.swift in Sources */ = {isa = PBXBuildFile; fileRef = 7565FE02233093D5006A97EA /* AppDelegate.swift */; };
		7565FE05233093D5006A97EA /* SceneDelegate.swift in Sources */ = {isa = PBXBuildFile; fileRef = 7565FE04233093D5006A97EA /* SceneDelegate.swift */; };
		7565FE08233093D5006A97EA /* Swodo.xcdatamodeld in Sources */ = {isa = PBXBuildFile; fileRef = 7565FE06233093D5006A97EA /* Swodo.xcdatamodeld */; };
		7565FE0A233093D5006A97EA /* TabBarView.swift in Sources */ = {isa = PBXBuildFile; fileRef = 7565FE09233093D5006A97EA /* TabBarView.swift */; };
		7565FE0C233093D7006A97EA /* Assets.xcassets in Resources */ = {isa = PBXBuildFile; fileRef = 7565FE0B233093D7006A97EA /* Assets.xcassets */; };
		7565FE0F233093D7006A97EA /* Preview Assets.xcassets in Resources */ = {isa = PBXBuildFile; fileRef = 7565FE0E233093D7006A97EA /* Preview Assets.xcassets */; };
		7565FE12233093D7006A97EA /* LaunchScreen.storyboard in Resources */ = {isa = PBXBuildFile; fileRef = 7565FE10233093D7006A97EA /* LaunchScreen.storyboard */; };
/* End PBXBuildFile section */

/* Begin PBXContainerItemProxy section */
		7565FE19233093D7006A97EA /* PBXContainerItemProxy */ = {
			isa = PBXContainerItemProxy;
			containerPortal = 7565FDF7233093D5006A97EA /* Project object */;
			proxyType = 1;
			remoteGlobalIDString = 7565FDFE233093D5006A97EA;
			remoteInfo = Swodo;
		};
		7565FE24233093D7006A97EA /* PBXContainerItemProxy */ = {
			isa = PBXContainerItemProxy;
			containerPortal = 7565FDF7233093D5006A97EA /* Project object */;
			proxyType = 1;
			remoteGlobalIDString = 7565FDFE233093D5006A97EA;
			remoteInfo = Swodo;
		};
/* End PBXContainerItemProxy section */

/* Begin PBXFileReference section */
		04DA25E42330BF31005193E7 /* MainViewModel.swift */ = {isa = PBXFileReference; lastKnownFileType = sourcecode.swift; path = MainViewModel.swift; sourceTree = "<group>"; };
		4703A62C23BDEC5800976C26 /* HistoryView.swift */ = {isa = PBXFileReference; lastKnownFileType = sourcecode.swift; path = HistoryView.swift; sourceTree = "<group>"; };
		4708FB7723FE8FB7001306F5 /* DetailView.swift */ = {isa = PBXFileReference; lastKnownFileType = sourcecode.swift; path = DetailView.swift; sourceTree = "<group>"; };
		470E2CB923EEE39100591E4C /* Numbers+.swift */ = {isa = PBXFileReference; lastKnownFileType = sourcecode.swift; path = "Numbers+.swift"; sourceTree = "<group>"; };
		470E2CBB23EEEF5400591E4C /* DateComponentsFormatter.swift */ = {isa = PBXFileReference; lastKnownFileType = sourcecode.swift; path = DateComponentsFormatter.swift; sourceTree = "<group>"; };
		4715A97F23F06B4F00B8E124 /* MathOperationType.swift */ = {isa = PBXFileReference; lastKnownFileType = sourcecode.swift; path = MathOperationType.swift; sourceTree = "<group>"; };
		4729089423F924B900AEC0EF /* CellView.swift */ = {isa = PBXFileReference; lastKnownFileType = sourcecode.swift; path = CellView.swift; sourceTree = "<group>"; };
		4729089623F9257700AEC0EF /* SelectionViewTests.swift */ = {isa = PBXFileReference; lastKnownFileType = sourcecode.swift; path = SelectionViewTests.swift; sourceTree = "<group>"; };
		472AA9032426A2CF006578B3 /* ActionButton.swift */ = {isa = PBXFileReference; lastKnownFileType = sourcecode.swift; path = ActionButton.swift; sourceTree = "<group>"; };
		472AE8BB23DCD2A100FA95A8 /* StorageManagerTests.swift */ = {isa = PBXFileReference; lastKnownFileType = sourcecode.swift; path = StorageManagerTests.swift; sourceTree = "<group>"; };
		472CCC8723F454500071D008 /* ErrorType.swift */ = {isa = PBXFileReference; lastKnownFileType = sourcecode.swift; path = ErrorType.swift; sourceTree = "<group>"; };
		472CCC8923F4549D0071D008 /* ProgressDataDelegate.swift */ = {isa = PBXFileReference; lastKnownFileType = sourcecode.swift; path = ProgressDataDelegate.swift; sourceTree = "<group>"; };
		47380600243F3BCA00DEB6D8 /* RingView.swift */ = {isa = PBXFileReference; lastKnownFileType = sourcecode.swift; path = RingView.swift; sourceTree = "<group>"; };
		47592910239B7F7700000746 /* String+UserDefaultsKeys.swift */ = {isa = PBXFileReference; lastKnownFileType = sourcecode.swift; path = "String+UserDefaultsKeys.swift"; sourceTree = "<group>"; };
		47592912239B7FA400000746 /* TimerState.swift */ = {isa = PBXFileReference; lastKnownFileType = sourcecode.swift; path = TimerState.swift; sourceTree = "<group>"; };
		4768B65B23F5B924009287A3 /* StorageManagerDelegateMock.swift */ = {isa = PBXFileReference; lastKnownFileType = sourcecode.swift; path = StorageManagerDelegateMock.swift; sourceTree = "<group>"; };
		4768B66023F5E10F009287A3 /* NotificationCenterNames.swift */ = {isa = PBXFileReference; lastKnownFileType = sourcecode.swift; path = NotificationCenterNames.swift; sourceTree = "<group>"; };
		476DD970242925C900CED4FF /* KeyboardResponder.swift */ = {isa = PBXFileReference; lastKnownFileType = sourcecode.swift; path = KeyboardResponder.swift; sourceTree = "<group>"; };
		476DD97324292B9300CED4FF /* AdaptsToKeyboard.swift */ = {isa = PBXFileReference; lastKnownFileType = sourcecode.swift; path = AdaptsToKeyboard.swift; sourceTree = "<group>"; };
		478AF9B3239AD42800B9EABA /* SelectionView.swift */ = {isa = PBXFileReference; lastKnownFileType = sourcecode.swift; path = SelectionView.swift; sourceTree = "<group>"; };
		478AF9B5239AD48A00B9EABA /* FocusView.swift */ = {isa = PBXFileReference; lastKnownFileType = sourcecode.swift; path = FocusView.swift; sourceTree = "<group>"; };
		47DA134223BA1AC400E2F274 /* Session+CoreDataClass.swift */ = {isa = PBXFileReference; fileEncoding = 4; lastKnownFileType = sourcecode.swift; path = "Session+CoreDataClass.swift"; sourceTree = "<group>"; };
		47DA134323BA1AC400E2F274 /* Session+CoreDataProperties.swift */ = {isa = PBXFileReference; fileEncoding = 4; lastKnownFileType = sourcecode.swift; path = "Session+CoreDataProperties.swift"; sourceTree = "<group>"; };
		47F314D623D39CB200503014 /* StorageManager.swift */ = {isa = PBXFileReference; lastKnownFileType = sourcecode.swift; path = StorageManager.swift; sourceTree = "<group>"; };
		4C2D1F9A24196BEF00E51C0A /* SimpleCell.swift */ = {isa = PBXFileReference; lastKnownFileType = sourcecode.swift; path = SimpleCell.swift; sourceTree = "<group>"; };
		7565FDFF233093D5006A97EA /* Swodo.app */ = {isa = PBXFileReference; explicitFileType = wrapper.application; includeInIndex = 0; path = Swodo.app; sourceTree = BUILT_PRODUCTS_DIR; };
		7565FE02233093D5006A97EA /* AppDelegate.swift */ = {isa = PBXFileReference; lastKnownFileType = sourcecode.swift; path = AppDelegate.swift; sourceTree = "<group>"; };
		7565FE04233093D5006A97EA /* SceneDelegate.swift */ = {isa = PBXFileReference; lastKnownFileType = sourcecode.swift; path = SceneDelegate.swift; sourceTree = "<group>"; };
		7565FE07233093D5006A97EA /* Swodo.xcdatamodel */ = {isa = PBXFileReference; lastKnownFileType = wrapper.xcdatamodel; path = Swodo.xcdatamodel; sourceTree = "<group>"; };
		7565FE09233093D5006A97EA /* TabBarView.swift */ = {isa = PBXFileReference; lastKnownFileType = sourcecode.swift; path = TabBarView.swift; sourceTree = "<group>"; };
		7565FE0B233093D7006A97EA /* Assets.xcassets */ = {isa = PBXFileReference; lastKnownFileType = folder.assetcatalog; path = Assets.xcassets; sourceTree = "<group>"; };
		7565FE0E233093D7006A97EA /* Preview Assets.xcassets */ = {isa = PBXFileReference; lastKnownFileType = folder.assetcatalog; path = "Preview Assets.xcassets"; sourceTree = "<group>"; };
		7565FE11233093D7006A97EA /* Base */ = {isa = PBXFileReference; lastKnownFileType = file.storyboard; name = Base; path = Base.lproj/LaunchScreen.storyboard; sourceTree = "<group>"; };
		7565FE13233093D7006A97EA /* Info.plist */ = {isa = PBXFileReference; lastKnownFileType = text.plist.xml; path = Info.plist; sourceTree = "<group>"; };
		7565FE18233093D7006A97EA /* SwodoTests.xctest */ = {isa = PBXFileReference; explicitFileType = wrapper.cfbundle; includeInIndex = 0; path = SwodoTests.xctest; sourceTree = BUILT_PRODUCTS_DIR; };
		7565FE1E233093D7006A97EA /* Info.plist */ = {isa = PBXFileReference; lastKnownFileType = text.plist.xml; path = Info.plist; sourceTree = "<group>"; };
		7565FE23233093D7006A97EA /* SwodoUITests.xctest */ = {isa = PBXFileReference; explicitFileType = wrapper.cfbundle; includeInIndex = 0; path = SwodoUITests.xctest; sourceTree = BUILT_PRODUCTS_DIR; };
		7565FE29233093D7006A97EA /* Info.plist */ = {isa = PBXFileReference; lastKnownFileType = text.plist.xml; path = Info.plist; sourceTree = "<group>"; };
/* End PBXFileReference section */

/* Begin PBXFrameworksBuildPhase section */
		7565FDFC233093D5006A97EA /* Frameworks */ = {
			isa = PBXFrameworksBuildPhase;
			buildActionMask = 2147483647;
			files = (
			);
			runOnlyForDeploymentPostprocessing = 0;
		};
		7565FE15233093D7006A97EA /* Frameworks */ = {
			isa = PBXFrameworksBuildPhase;
			buildActionMask = 2147483647;
			files = (
			);
			runOnlyForDeploymentPostprocessing = 0;
		};
		7565FE20233093D7006A97EA /* Frameworks */ = {
			isa = PBXFrameworksBuildPhase;
			buildActionMask = 2147483647;
			files = (
			);
			runOnlyForDeploymentPostprocessing = 0;
		};
/* End PBXFrameworksBuildPhase section */

/* Begin PBXGroup section */
		04DA25DD2330B6D2005193E7 /* View Model */ = {
			isa = PBXGroup;
			children = (
				04DA25E42330BF31005193E7 /* MainViewModel.swift */,
			);
			path = "View Model";
			sourceTree = "<group>";
		};
		04DA25DE2330B6F5005193E7 /* View */ = {
			isa = PBXGroup;
			children = (
				476DD97224292B8A00CED4FF /* Modifiers */,
				7565FE09233093D5006A97EA /* TabBarView.swift */,
				478AF9B3239AD42800B9EABA /* SelectionView.swift */,
				478AF9B5239AD48A00B9EABA /* FocusView.swift */,
				47380600243F3BCA00DEB6D8 /* RingView.swift */,
				4703A62C23BDEC5800976C26 /* HistoryView.swift */,
				4729089423F924B900AEC0EF /* CellView.swift */,
				4708FB7723FE8FB7001306F5 /* DetailView.swift */,
				4C2D1F9A24196BEF00E51C0A /* SimpleCell.swift */,
				472AA9032426A2CF006578B3 /* ActionButton.swift */,
			);
			path = View;
			sourceTree = "<group>";
		};
		04DA25DF2330B6FE005193E7 /* Model */ = {
			isa = PBXGroup;
			children = (
				47592912239B7FA400000746 /* TimerState.swift */,
				47F314D623D39CB200503014 /* StorageManager.swift */,
				4715A97F23F06B4F00B8E124 /* MathOperationType.swift */,
				472CCC8723F454500071D008 /* ErrorType.swift */,
				472CCC8923F4549D0071D008 /* ProgressDataDelegate.swift */,
			);
			path = Model;
			sourceTree = "<group>";
		};
		04DA25E22330BB95005193E7 /* Delegates */ = {
			isa = PBXGroup;
			children = (
				7565FE02233093D5006A97EA /* AppDelegate.swift */,
				7565FE04233093D5006A97EA /* SceneDelegate.swift */,
			);
			path = Delegates;
			sourceTree = "<group>";
		};
		04DA25E32330BCE3005193E7 /* Helpers */ = {
			isa = PBXGroup;
			children = (
				7565FE0B233093D7006A97EA /* Assets.xcassets */,
				7565FE13233093D7006A97EA /* Info.plist */,
				7565FE10233093D7006A97EA /* LaunchScreen.storyboard */,
				476DD970242925C900CED4FF /* KeyboardResponder.swift */,
			);
			path = Helpers;
			sourceTree = "<group>";
		};
		472AE8BA23DCD27B00FA95A8 /* Cases */ = {
			isa = PBXGroup;
			children = (
				472AE8BB23DCD2A100FA95A8 /* StorageManagerTests.swift */,
			);
			path = Cases;
			sourceTree = "<group>";
		};
		4759290F239B7F6B00000746 /* Extensions */ = {
			isa = PBXGroup;
			children = (
				47592910239B7F7700000746 /* String+UserDefaultsKeys.swift */,
				470E2CB923EEE39100591E4C /* Numbers+.swift */,
				470E2CBB23EEEF5400591E4C /* DateComponentsFormatter.swift */,
				4768B66023F5E10F009287A3 /* NotificationCenterNames.swift */,
			);
			path = Extensions;
			sourceTree = "<group>";
		};
		4768B65A23F5B906009287A3 /* Mocks */ = {
			isa = PBXGroup;
			children = (
				4768B65B23F5B924009287A3 /* StorageManagerDelegateMock.swift */,
			);
			path = Mocks;
			sourceTree = "<group>";
		};
		476DD97224292B8A00CED4FF /* Modifiers */ = {
			isa = PBXGroup;
			children = (
				476DD97324292B9300CED4FF /* AdaptsToKeyboard.swift */,
			);
			path = Modifiers;
			sourceTree = "<group>";
		};
		47DA134123BA1AC400E2F274 /* CoreData */ = {
			isa = PBXGroup;
			children = (
				7565FE06233093D5006A97EA /* Swodo.xcdatamodeld */,
				47DA134223BA1AC400E2F274 /* Session+CoreDataClass.swift */,
				47DA134323BA1AC400E2F274 /* Session+CoreDataProperties.swift */,
			);
			path = CoreData;
			sourceTree = "<group>";
		};
		7565FDF6233093D5006A97EA = {
			isa = PBXGroup;
			children = (
				7565FE01233093D5006A97EA /* Swodo */,
				7565FE1B233093D7006A97EA /* SwodoTests */,
				7565FE26233093D7006A97EA /* SwodoUITests */,
				7565FE00233093D5006A97EA /* Products */,
			);
			sourceTree = "<group>";
		};
		7565FE00233093D5006A97EA /* Products */ = {
			isa = PBXGroup;
			children = (
				7565FDFF233093D5006A97EA /* Swodo.app */,
				7565FE18233093D7006A97EA /* SwodoTests.xctest */,
				7565FE23233093D7006A97EA /* SwodoUITests.xctest */,
			);
			name = Products;
			sourceTree = "<group>";
		};
		7565FE01233093D5006A97EA /* Swodo */ = {
			isa = PBXGroup;
			children = (
				04DA25DF2330B6FE005193E7 /* Model */,
				04DA25DE2330B6F5005193E7 /* View */,
				04DA25DD2330B6D2005193E7 /* View Model */,
				47DA134123BA1AC400E2F274 /* CoreData */,
				4759290F239B7F6B00000746 /* Extensions */,
				04DA25E32330BCE3005193E7 /* Helpers */,
				04DA25E22330BB95005193E7 /* Delegates */,
				7565FE0D233093D7006A97EA /* Preview Content */,
			);
			path = Swodo;
			sourceTree = "<group>";
		};
		7565FE0D233093D7006A97EA /* Preview Content */ = {
			isa = PBXGroup;
			children = (
				7565FE0E233093D7006A97EA /* Preview Assets.xcassets */,
			);
			path = "Preview Content";
			sourceTree = "<group>";
		};
		7565FE1B233093D7006A97EA /* SwodoTests */ = {
			isa = PBXGroup;
			children = (
				4768B65A23F5B906009287A3 /* Mocks */,
				472AE8BA23DCD27B00FA95A8 /* Cases */,
				7565FE1E233093D7006A97EA /* Info.plist */,
			);
			path = SwodoTests;
			sourceTree = "<group>";
		};
		7565FE26233093D7006A97EA /* SwodoUITests */ = {
			isa = PBXGroup;
			children = (
				7565FE29233093D7006A97EA /* Info.plist */,
				4729089623F9257700AEC0EF /* SelectionViewTests.swift */,
			);
			path = SwodoUITests;
			sourceTree = "<group>";
		};
/* End PBXGroup section */

/* Begin PBXNativeTarget section */
		7565FDFE233093D5006A97EA /* Swodo */ = {
			isa = PBXNativeTarget;
			buildConfigurationList = 7565FE2C233093D7006A97EA /* Build configuration list for PBXNativeTarget "Swodo" */;
			buildPhases = (
				7565FDFB233093D5006A97EA /* Sources */,
				7565FDFC233093D5006A97EA /* Frameworks */,
				7565FDFD233093D5006A97EA /* Resources */,
			);
			buildRules = (
			);
			dependencies = (
			);
			name = Swodo;
			productName = Swodo;
			productReference = 7565FDFF233093D5006A97EA /* Swodo.app */;
			productType = "com.apple.product-type.application";
		};
		7565FE17233093D7006A97EA /* SwodoTests */ = {
			isa = PBXNativeTarget;
			buildConfigurationList = 7565FE2F233093D7006A97EA /* Build configuration list for PBXNativeTarget "SwodoTests" */;
			buildPhases = (
				7565FE14233093D7006A97EA /* Sources */,
				7565FE15233093D7006A97EA /* Frameworks */,
				7565FE16233093D7006A97EA /* Resources */,
			);
			buildRules = (
			);
			dependencies = (
				7565FE1A233093D7006A97EA /* PBXTargetDependency */,
			);
			name = SwodoTests;
			productName = SwodoTests;
			productReference = 7565FE18233093D7006A97EA /* SwodoTests.xctest */;
			productType = "com.apple.product-type.bundle.unit-test";
		};
		7565FE22233093D7006A97EA /* SwodoUITests */ = {
			isa = PBXNativeTarget;
			buildConfigurationList = 7565FE32233093D7006A97EA /* Build configuration list for PBXNativeTarget "SwodoUITests" */;
			buildPhases = (
				7565FE1F233093D7006A97EA /* Sources */,
				7565FE20233093D7006A97EA /* Frameworks */,
				7565FE21233093D7006A97EA /* Resources */,
			);
			buildRules = (
			);
			dependencies = (
				7565FE25233093D7006A97EA /* PBXTargetDependency */,
			);
			name = SwodoUITests;
			productName = SwodoUITests;
			productReference = 7565FE23233093D7006A97EA /* SwodoUITests.xctest */;
			productType = "com.apple.product-type.bundle.ui-testing";
		};
/* End PBXNativeTarget section */

/* Begin PBXProject section */
		7565FDF7233093D5006A97EA /* Project object */ = {
			isa = PBXProject;
			attributes = {
				LastSwiftUpdateCheck = 1100;
				LastUpgradeCheck = 1140;
				ORGANIZATIONNAME = "Oschły";
				TargetAttributes = {
					7565FDFE233093D5006A97EA = {
						CreatedOnToolsVersion = 11.0;
					};
					7565FE17233093D7006A97EA = {
						CreatedOnToolsVersion = 11.0;
						TestTargetID = 7565FDFE233093D5006A97EA;
					};
					7565FE22233093D7006A97EA = {
						CreatedOnToolsVersion = 11.0;
						LastSwiftMigration = 1130;
						TestTargetID = 7565FDFE233093D5006A97EA;
					};
				};
			};
			buildConfigurationList = 7565FDFA233093D5006A97EA /* Build configuration list for PBXProject "Swodo" */;
			compatibilityVersion = "Xcode 9.3";
			developmentRegion = en;
			hasScannedForEncodings = 0;
			knownRegions = (
				en,
				Base,
			);
			mainGroup = 7565FDF6233093D5006A97EA;
			productRefGroup = 7565FE00233093D5006A97EA /* Products */;
			projectDirPath = "";
			projectRoot = "";
			targets = (
				7565FDFE233093D5006A97EA /* Swodo */,
				7565FE17233093D7006A97EA /* SwodoTests */,
				7565FE22233093D7006A97EA /* SwodoUITests */,
			);
		};
/* End PBXProject section */

/* Begin PBXResourcesBuildPhase section */
		7565FDFD233093D5006A97EA /* Resources */ = {
			isa = PBXResourcesBuildPhase;
			buildActionMask = 2147483647;
			files = (
				7565FE12233093D7006A97EA /* LaunchScreen.storyboard in Resources */,
				7565FE0F233093D7006A97EA /* Preview Assets.xcassets in Resources */,
				7565FE0C233093D7006A97EA /* Assets.xcassets in Resources */,
			);
			runOnlyForDeploymentPostprocessing = 0;
		};
		7565FE16233093D7006A97EA /* Resources */ = {
			isa = PBXResourcesBuildPhase;
			buildActionMask = 2147483647;
			files = (
			);
			runOnlyForDeploymentPostprocessing = 0;
		};
		7565FE21233093D7006A97EA /* Resources */ = {
			isa = PBXResourcesBuildPhase;
			buildActionMask = 2147483647;
			files = (
			);
			runOnlyForDeploymentPostprocessing = 0;
		};
/* End PBXResourcesBuildPhase section */

/* Begin PBXSourcesBuildPhase section */
		7565FDFB233093D5006A97EA /* Sources */ = {
			isa = PBXSourcesBuildPhase;
			buildActionMask = 2147483647;
			files = (
				7565FE03233093D5006A97EA /* AppDelegate.swift in Sources */,
				4715A98023F06B4F00B8E124 /* MathOperationType.swift in Sources */,
				7565FE05233093D5006A97EA /* SceneDelegate.swift in Sources */,
				47DA134423BA1AC400E2F274 /* Session+CoreDataClass.swift in Sources */,
				472AA9042426A2CF006578B3 /* ActionButton.swift in Sources */,
				476DD971242925C900CED4FF /* KeyboardResponder.swift in Sources */,
				47380601243F3BCA00DEB6D8 /* RingView.swift in Sources */,
				478AF9B6239AD48A00B9EABA /* FocusView.swift in Sources */,
				47DA134623BA1AC400E2F274 /* Session+CoreDataProperties.swift in Sources */,
				4768B66123F5E10F009287A3 /* NotificationCenterNames.swift in Sources */,
				472CCC8A23F4549D0071D008 /* ProgressDataDelegate.swift in Sources */,
				4703A62D23BDEC5800976C26 /* HistoryView.swift in Sources */,
				470E2CBA23EEE39100591E4C /* Numbers+.swift in Sources */,
				4708FB7823FE8FB7001306F5 /* DetailView.swift in Sources */,
				47592913239B7FA400000746 /* TimerState.swift in Sources */,
				7565FE0A233093D5006A97EA /* TabBarView.swift in Sources */,
				4C2D1F9B24196BEF00E51C0A /* SimpleCell.swift in Sources */,
				7565FE08233093D5006A97EA /* Swodo.xcdatamodeld in Sources */,
				472CCC8823F454500071D008 /* ErrorType.swift in Sources */,
				04DA25E52330BF31005193E7 /* MainViewModel.swift in Sources */,
				47F314D723D39CB200503014 /* StorageManager.swift in Sources */,
				4729089523F924B900AEC0EF /* CellView.swift in Sources */,
				478AF9B4239AD42800B9EABA /* SelectionView.swift in Sources */,
				470E2CBC23EEEF5400591E4C /* DateComponentsFormatter.swift in Sources */,
				47592911239B7F7700000746 /* String+UserDefaultsKeys.swift in Sources */,
				476DD97424292B9300CED4FF /* AdaptsToKeyboard.swift in Sources */,
			);
			runOnlyForDeploymentPostprocessing = 0;
		};
		7565FE14233093D7006A97EA /* Sources */ = {
			isa = PBXSourcesBuildPhase;
			buildActionMask = 2147483647;
			files = (
				472AE8BC23DCD2A100FA95A8 /* StorageManagerTests.swift in Sources */,
				4768B65C23F5B924009287A3 /* StorageManagerDelegateMock.swift in Sources */,
				47DA134723BA1AC400E2F274 /* Session+CoreDataProperties.swift in Sources */,
				47DA134523BA1AC400E2F274 /* Session+CoreDataClass.swift in Sources */,
			);
			runOnlyForDeploymentPostprocessing = 0;
		};
		7565FE1F233093D7006A97EA /* Sources */ = {
			isa = PBXSourcesBuildPhase;
			buildActionMask = 2147483647;
			files = (
				4729089723F9257700AEC0EF /* SelectionViewTests.swift in Sources */,
			);
			runOnlyForDeploymentPostprocessing = 0;
		};
/* End PBXSourcesBuildPhase section */

/* Begin PBXTargetDependency section */
		7565FE1A233093D7006A97EA /* PBXTargetDependency */ = {
			isa = PBXTargetDependency;
			target = 7565FDFE233093D5006A97EA /* Swodo */;
			targetProxy = 7565FE19233093D7006A97EA /* PBXContainerItemProxy */;
		};
		7565FE25233093D7006A97EA /* PBXTargetDependency */ = {
			isa = PBXTargetDependency;
			target = 7565FDFE233093D5006A97EA /* Swodo */;
			targetProxy = 7565FE24233093D7006A97EA /* PBXContainerItemProxy */;
		};
/* End PBXTargetDependency section */

/* Begin PBXVariantGroup section */
		7565FE10233093D7006A97EA /* LaunchScreen.storyboard */ = {
			isa = PBXVariantGroup;
			children = (
				7565FE11233093D7006A97EA /* Base */,
			);
			name = LaunchScreen.storyboard;
			sourceTree = "<group>";
		};
/* End PBXVariantGroup section */

/* Begin XCBuildConfiguration section */
		7565FE2A233093D7006A97EA /* Debug */ = {
			isa = XCBuildConfiguration;
			buildSettings = {
				ALWAYS_SEARCH_USER_PATHS = NO;
				CLANG_ANALYZER_NONNULL = YES;
				CLANG_ANALYZER_NUMBER_OBJECT_CONVERSION = YES_AGGRESSIVE;
				CLANG_CXX_LANGUAGE_STANDARD = "gnu++14";
				CLANG_CXX_LIBRARY = "libc++";
				CLANG_ENABLE_MODULES = YES;
				CLANG_ENABLE_OBJC_ARC = YES;
				CLANG_ENABLE_OBJC_WEAK = YES;
				CLANG_WARN_BLOCK_CAPTURE_AUTORELEASING = YES;
				CLANG_WARN_BOOL_CONVERSION = YES;
				CLANG_WARN_COMMA = YES;
				CLANG_WARN_CONSTANT_CONVERSION = YES;
				CLANG_WARN_DEPRECATED_OBJC_IMPLEMENTATIONS = YES;
				CLANG_WARN_DIRECT_OBJC_ISA_USAGE = YES_ERROR;
				CLANG_WARN_DOCUMENTATION_COMMENTS = YES;
				CLANG_WARN_EMPTY_BODY = YES;
				CLANG_WARN_ENUM_CONVERSION = YES;
				CLANG_WARN_INFINITE_RECURSION = YES;
				CLANG_WARN_INT_CONVERSION = YES;
				CLANG_WARN_NON_LITERAL_NULL_CONVERSION = YES;
				CLANG_WARN_OBJC_IMPLICIT_RETAIN_SELF = YES;
				CLANG_WARN_OBJC_LITERAL_CONVERSION = YES;
				CLANG_WARN_OBJC_ROOT_CLASS = YES_ERROR;
				CLANG_WARN_RANGE_LOOP_ANALYSIS = YES;
				CLANG_WARN_STRICT_PROTOTYPES = YES;
				CLANG_WARN_SUSPICIOUS_MOVE = YES;
				CLANG_WARN_UNGUARDED_AVAILABILITY = YES_AGGRESSIVE;
				CLANG_WARN_UNREACHABLE_CODE = YES;
				CLANG_WARN__DUPLICATE_METHOD_MATCH = YES;
				COPY_PHASE_STRIP = NO;
				DEBUG_INFORMATION_FORMAT = dwarf;
				ENABLE_STRICT_OBJC_MSGSEND = YES;
				ENABLE_TESTABILITY = YES;
				GCC_C_LANGUAGE_STANDARD = gnu11;
				GCC_DYNAMIC_NO_PIC = NO;
				GCC_NO_COMMON_BLOCKS = YES;
				GCC_OPTIMIZATION_LEVEL = 0;
				GCC_PREPROCESSOR_DEFINITIONS = (
					"DEBUG=1",
					"$(inherited)",
				);
				GCC_WARN_64_TO_32_BIT_CONVERSION = YES;
				GCC_WARN_ABOUT_RETURN_TYPE = YES_ERROR;
				GCC_WARN_UNDECLARED_SELECTOR = YES;
				GCC_WARN_UNINITIALIZED_AUTOS = YES_AGGRESSIVE;
				GCC_WARN_UNUSED_FUNCTION = YES;
				GCC_WARN_UNUSED_VARIABLE = YES;
				IPHONEOS_DEPLOYMENT_TARGET = 13.0;
				MTL_ENABLE_DEBUG_INFO = INCLUDE_SOURCE;
				MTL_FAST_MATH = YES;
				ONLY_ACTIVE_ARCH = YES;
				SDKROOT = iphoneos;
				SWIFT_ACTIVE_COMPILATION_CONDITIONS = DEBUG;
				SWIFT_OPTIMIZATION_LEVEL = "-Onone";
			};
			name = Debug;
		};
		7565FE2B233093D7006A97EA /* Release */ = {
			isa = XCBuildConfiguration;
			buildSettings = {
				ALWAYS_SEARCH_USER_PATHS = NO;
				CLANG_ANALYZER_NONNULL = YES;
				CLANG_ANALYZER_NUMBER_OBJECT_CONVERSION = YES_AGGRESSIVE;
				CLANG_CXX_LANGUAGE_STANDARD = "gnu++14";
				CLANG_CXX_LIBRARY = "libc++";
				CLANG_ENABLE_MODULES = YES;
				CLANG_ENABLE_OBJC_ARC = YES;
				CLANG_ENABLE_OBJC_WEAK = YES;
				CLANG_WARN_BLOCK_CAPTURE_AUTORELEASING = YES;
				CLANG_WARN_BOOL_CONVERSION = YES;
				CLANG_WARN_COMMA = YES;
				CLANG_WARN_CONSTANT_CONVERSION = YES;
				CLANG_WARN_DEPRECATED_OBJC_IMPLEMENTATIONS = YES;
				CLANG_WARN_DIRECT_OBJC_ISA_USAGE = YES_ERROR;
				CLANG_WARN_DOCUMENTATION_COMMENTS = YES;
				CLANG_WARN_EMPTY_BODY = YES;
				CLANG_WARN_ENUM_CONVERSION = YES;
				CLANG_WARN_INFINITE_RECURSION = YES;
				CLANG_WARN_INT_CONVERSION = YES;
				CLANG_WARN_NON_LITERAL_NULL_CONVERSION = YES;
				CLANG_WARN_OBJC_IMPLICIT_RETAIN_SELF = YES;
				CLANG_WARN_OBJC_LITERAL_CONVERSION = YES;
				CLANG_WARN_OBJC_ROOT_CLASS = YES_ERROR;
				CLANG_WARN_RANGE_LOOP_ANALYSIS = YES;
				CLANG_WARN_STRICT_PROTOTYPES = YES;
				CLANG_WARN_SUSPICIOUS_MOVE = YES;
				CLANG_WARN_UNGUARDED_AVAILABILITY = YES_AGGRESSIVE;
				CLANG_WARN_UNREACHABLE_CODE = YES;
				CLANG_WARN__DUPLICATE_METHOD_MATCH = YES;
				COPY_PHASE_STRIP = NO;
				DEBUG_INFORMATION_FORMAT = "dwarf-with-dsym";
				ENABLE_NS_ASSERTIONS = NO;
				ENABLE_STRICT_OBJC_MSGSEND = YES;
				GCC_C_LANGUAGE_STANDARD = gnu11;
				GCC_NO_COMMON_BLOCKS = YES;
				GCC_WARN_64_TO_32_BIT_CONVERSION = YES;
				GCC_WARN_ABOUT_RETURN_TYPE = YES_ERROR;
				GCC_WARN_UNDECLARED_SELECTOR = YES;
				GCC_WARN_UNINITIALIZED_AUTOS = YES_AGGRESSIVE;
				GCC_WARN_UNUSED_FUNCTION = YES;
				GCC_WARN_UNUSED_VARIABLE = YES;
				IPHONEOS_DEPLOYMENT_TARGET = 13.0;
				MTL_ENABLE_DEBUG_INFO = NO;
				MTL_FAST_MATH = YES;
				SDKROOT = iphoneos;
				SWIFT_COMPILATION_MODE = wholemodule;
				SWIFT_OPTIMIZATION_LEVEL = "-O";
				VALIDATE_PRODUCT = YES;
			};
			name = Release;
		};
		7565FE2D233093D7006A97EA /* Debug */ = {
			isa = XCBuildConfiguration;
			buildSettings = {
				ASSETCATALOG_COMPILER_APPICON_NAME = AppIcon;
				CODE_SIGN_IDENTITY = "Apple Development";
				CODE_SIGN_STYLE = Automatic;
				DEVELOPMENT_ASSET_PATHS = "\"Swodo/Preview Content\"";
				DEVELOPMENT_TEAM = XGVVDG6D64;
				ENABLE_PREVIEWS = YES;
				INFOPLIST_FILE = Swodo/Helpers/Info.plist;
				LD_RUNPATH_SEARCH_PATHS = (
					"$(inherited)",
					"@executable_path/Frameworks",
				);
				PRODUCT_BUNDLE_IDENTIFIER = com.oschly.Swodo;
				PRODUCT_NAME = "$(TARGET_NAME)";
				PROVISIONING_PROFILE_SPECIFIER = "";
				SWIFT_VERSION = 5.0;
				TARGETED_DEVICE_FAMILY = "1,2";
			};
			name = Debug;
		};
		7565FE2E233093D7006A97EA /* Release */ = {
			isa = XCBuildConfiguration;
			buildSettings = {
				ASSETCATALOG_COMPILER_APPICON_NAME = AppIcon;
				CODE_SIGN_IDENTITY = "Apple Development";
				CODE_SIGN_STYLE = Automatic;
				DEVELOPMENT_ASSET_PATHS = "\"Swodo/Preview Content\"";
				DEVELOPMENT_TEAM = XGVVDG6D64;
				ENABLE_PREVIEWS = YES;
				INFOPLIST_FILE = Swodo/Helpers/Info.plist;
				LD_RUNPATH_SEARCH_PATHS = (
					"$(inherited)",
					"@executable_path/Frameworks",
				);
				PRODUCT_BUNDLE_IDENTIFIER = com.oschly.Swodo;
				PRODUCT_NAME = "$(TARGET_NAME)";
				PROVISIONING_PROFILE_SPECIFIER = "";
				SWIFT_VERSION = 5.0;
				TARGETED_DEVICE_FAMILY = "1,2";
			};
			name = Release;
		};
		7565FE30233093D7006A97EA /* Debug */ = {
			isa = XCBuildConfiguration;
			buildSettings = {
				ALWAYS_EMBED_SWIFT_STANDARD_LIBRARIES = YES;
				BUNDLE_LOADER = "$(TEST_HOST)";
				CODE_SIGN_STYLE = Automatic;
				INFOPLIST_FILE = SwodoTests/Info.plist;
				IPHONEOS_DEPLOYMENT_TARGET = 13.0;
				LD_RUNPATH_SEARCH_PATHS = (
					"$(inherited)",
					"@executable_path/Frameworks",
					"@loader_path/Frameworks",
				);
				PRODUCT_BUNDLE_IDENTIFIER = com.oschly.SwodoTests;
				PRODUCT_NAME = "$(TARGET_NAME)";
				SWIFT_VERSION = 5.0;
				TARGETED_DEVICE_FAMILY = "1,2";
				TEST_HOST = "$(BUILT_PRODUCTS_DIR)/Swodo.app/Swodo";
			};
			name = Debug;
		};
		7565FE31233093D7006A97EA /* Release */ = {
			isa = XCBuildConfiguration;
			buildSettings = {
				ALWAYS_EMBED_SWIFT_STANDARD_LIBRARIES = YES;
				BUNDLE_LOADER = "$(TEST_HOST)";
				CODE_SIGN_STYLE = Automatic;
				INFOPLIST_FILE = SwodoTests/Info.plist;
				IPHONEOS_DEPLOYMENT_TARGET = 13.0;
				LD_RUNPATH_SEARCH_PATHS = (
					"$(inherited)",
					"@executable_path/Frameworks",
					"@loader_path/Frameworks",
				);
				PRODUCT_BUNDLE_IDENTIFIER = com.oschly.SwodoTests;
				PRODUCT_NAME = "$(TARGET_NAME)";
				SWIFT_VERSION = 5.0;
				TARGETED_DEVICE_FAMILY = "1,2";
				TEST_HOST = "$(BUILT_PRODUCTS_DIR)/Swodo.app/Swodo";
			};
			name = Release;
		};
		7565FE33233093D7006A97EA /* Debug */ = {
			isa = XCBuildConfiguration;
			buildSettings = {
				ALWAYS_EMBED_SWIFT_STANDARD_LIBRARIES = YES;
				CLANG_ENABLE_MODULES = YES;
				CODE_SIGN_STYLE = Automatic;
				INFOPLIST_FILE = SwodoUITests/Info.plist;
				LD_RUNPATH_SEARCH_PATHS = (
					"$(inherited)",
					"@executable_path/Frameworks",
					"@loader_path/Frameworks",
				);
				PRODUCT_BUNDLE_IDENTIFIER = com.oschly.SwodoUITests;
				PRODUCT_NAME = "$(TARGET_NAME)";
				SWIFT_OPTIMIZATION_LEVEL = "-Onone";
				SWIFT_VERSION = 5.0;
				TARGETED_DEVICE_FAMILY = "1,2";
				TEST_TARGET_NAME = Swodo;
			};
			name = Debug;
		};
		7565FE34233093D7006A97EA /* Release */ = {
			isa = XCBuildConfiguration;
			buildSettings = {
				ALWAYS_EMBED_SWIFT_STANDARD_LIBRARIES = YES;
				CLANG_ENABLE_MODULES = YES;
				CODE_SIGN_STYLE = Automatic;
				INFOPLIST_FILE = SwodoUITests/Info.plist;
				LD_RUNPATH_SEARCH_PATHS = (
					"$(inherited)",
					"@executable_path/Frameworks",
					"@loader_path/Frameworks",
				);
				PRODUCT_BUNDLE_IDENTIFIER = com.oschly.SwodoUITests;
				PRODUCT_NAME = "$(TARGET_NAME)";
				SWIFT_VERSION = 5.0;
				TARGETED_DEVICE_FAMILY = "1,2";
				TEST_TARGET_NAME = Swodo;
			};
			name = Release;
		};
/* End XCBuildConfiguration section */

/* Begin XCConfigurationList section */
		7565FDFA233093D5006A97EA /* Build configuration list for PBXProject "Swodo" */ = {
			isa = XCConfigurationList;
			buildConfigurations = (
				7565FE2A233093D7006A97EA /* Debug */,
				7565FE2B233093D7006A97EA /* Release */,
			);
			defaultConfigurationIsVisible = 0;
			defaultConfigurationName = Release;
		};
		7565FE2C233093D7006A97EA /* Build configuration list for PBXNativeTarget "Swodo" */ = {
			isa = XCConfigurationList;
			buildConfigurations = (
				7565FE2D233093D7006A97EA /* Debug */,
				7565FE2E233093D7006A97EA /* Release */,
			);
			defaultConfigurationIsVisible = 0;
			defaultConfigurationName = Release;
		};
		7565FE2F233093D7006A97EA /* Build configuration list for PBXNativeTarget "SwodoTests" */ = {
			isa = XCConfigurationList;
			buildConfigurations = (
				7565FE30233093D7006A97EA /* Debug */,
				7565FE31233093D7006A97EA /* Release */,
			);
			defaultConfigurationIsVisible = 0;
			defaultConfigurationName = Release;
		};
		7565FE32233093D7006A97EA /* Build configuration list for PBXNativeTarget "SwodoUITests" */ = {
			isa = XCConfigurationList;
			buildConfigurations = (
				7565FE33233093D7006A97EA /* Debug */,
				7565FE34233093D7006A97EA /* Release */,
			);
			defaultConfigurationIsVisible = 0;
			defaultConfigurationName = Release;
		};
/* End XCConfigurationList section */

/* Begin XCVersionGroup section */
		7565FE06233093D5006A97EA /* Swodo.xcdatamodeld */ = {
			isa = XCVersionGroup;
			children = (
				7565FE07233093D5006A97EA /* Swodo.xcdatamodel */,
			);
			currentVersion = 7565FE07233093D5006A97EA /* Swodo.xcdatamodel */;
			path = Swodo.xcdatamodeld;
			sourceTree = "<group>";
			versionGroupType = wrapper.xcdatamodel;
		};
/* End XCVersionGroup section */
	};
	rootObject = 7565FDF7233093D5006A97EA /* Project object */;
}
